
Microsoft Visual Studio Solution File, Format Version 12.00
# Visual Studio Version 16
VisualStudioVersion = 16.0.31229.75
MinimumVisualStudioVersion = 10.0.40219.1
Project("{FAE04EC0-301F-11D3-BF4B-00C04F79EFBC}") = "Caja_Ahorro", "Caja_Ahorro\Caja_Ahorro.csproj", "{82B08641-C811-4712-A7E2-99E5CAE4472C}"
EndProject
Global
	GlobalSection(SolutionConfigurationPlatforms) = preSolution
		Debug|Any CPU = Debug|Any CPU
		Release|Any CPU = Release|Any CPU
	EndGlobalSection
	GlobalSection(ProjectConfigurationPlatforms) = postSolution
		{82B08641-C811-4712-A7E2-99E5CAE4472C}.Debug|Any CPU.ActiveCfg = Debug|Any CPU
		{82B08641-C811-4712-A7E2-99E5CAE4472C}.Debug|Any CPU.Build.0 = Debug|Any CPU
		{82B08641-C811-4712-A7E2-99E5CAE4472C}.Release|Any CPU.ActiveCfg = Release|Any CPU
		{82B08641-C811-4712-A7E2-99E5CAE4472C}.Release|Any CPU.Build.0 = Release|Any CPU
	EndGlobalSection
	GlobalSection(SolutionProperties) = preSolution
		HideSolutionNode = FALSE
	EndGlobalSection
	GlobalSection(ExtensibilityGlobals) = postSolution
		SolutionGuid = {1861898D-2C4D-4598-AB75-BB13F11EB517}
	EndGlobalSection
EndGlobal
